// !$*UTF8*$!
{
	archiveVersion = 1;
	classes = {
	};
	objectVersion = 46;
	objects = {

/* Begin PBXBuildFile section */
		AB55EA9C1B98C9BA00FCE9C2 /* main.m in Sources */ = {isa = PBXBuildFile; fileRef = AB55EA9B1B98C9BA00FCE9C2 /* main.m */; };
		AB55EAA71B98C9BA00FCE9C2 /* Images.xcassets in Resources */ = {isa = PBXBuildFile; fileRef = AB55EAA61B98C9BA00FCE9C2 /* Images.xcassets */; };
		AB55EAC51B98CA5700FCE9C2 /* AppDelegate.m in Sources */ = {isa = PBXBuildFile; fileRef = AB55EAC01B98CA5700FCE9C2 /* AppDelegate.m */; };
		AB55EAC61B98CA5700FCE9C2 /* KEWLCoolController.m in Sources */ = {isa = PBXBuildFile; fileRef = AB55EAC21B98CA5700FCE9C2 /* KEWLCoolController.m */; };
		AB55EAC71B98CA5700FCE9C2 /* KEWLCoolView.m in Sources */ = {isa = PBXBuildFile; fileRef = AB55EAC41B98CA5700FCE9C2 /* KEWLCoolView.m */; };
		AB55EAC91B98CAF500FCE9C2 /* Default-568h@2x.png in Resources */ = {isa = PBXBuildFile; fileRef = AB55EAC81B98CAF500FCE9C2 /* Default-568h@2x.png */; };
		AB55EACB1B98CD3C00FCE9C2 /* CoolStuff.xib in Resources */ = {isa = PBXBuildFile; fileRef = AB55EACA1B98CD3C00FCE9C2 /* CoolStuff.xib */; };
/* End PBXBuildFile section */

/* Begin PBXFileReference section */
		AB55EA961B98C9BA00FCE9C2 /* Coolness3.app */ = {isa = PBXFileReference; explicitFileType = wrapper.application; includeInIndex = 0; path = Coolness3.app; sourceTree = BUILT_PRODUCTS_DIR; };
		AB55EA9A1B98C9BA00FCE9C2 /* Info.plist */ = {isa = PBXFileReference; lastKnownFileType = text.plist.xml; path = Info.plist; sourceTree = "<group>"; };
		AB55EA9B1B98C9BA00FCE9C2 /* main.m */ = {isa = PBXFileReference; lastKnownFileType = sourcecode.c.objc; path = main.m; sourceTree = "<group>"; };
		AB55EAA61B98C9BA00FCE9C2 /* Images.xcassets */ = {isa = PBXFileReference; lastKnownFileType = folder.assetcatalog; path = Images.xcassets; sourceTree = "<group>"; };
		AB55EABF1B98CA5700FCE9C2 /* AppDelegate.h */ = {isa = PBXFileReference; fileEncoding = 4; lastKnownFileType = sourcecode.c.h; path = AppDelegate.h; sourceTree = "<group>"; };
		AB55EAC01B98CA5700FCE9C2 /* AppDelegate.m */ = {isa = PBXFileReference; fileEncoding = 4; lastKnownFileType = sourcecode.c.objc; path = AppDelegate.m; sourceTree = "<group>"; };
		AB55EAC11B98CA5700FCE9C2 /* KEWLCoolController.h */ = {isa = PBXFileReference; fileEncoding = 4; lastKnownFileType = sourcecode.c.h; path = KEWLCoolController.h; sourceTree = "<group>"; };
		AB55EAC21B98CA5700FCE9C2 /* KEWLCoolController.m */ = {isa = PBXFileReference; fileEncoding = 4; lastKnownFileType = sourcecode.c.objc; path = KEWLCoolController.m; sourceTree = "<group>"; };
		AB55EAC31B98CA5700FCE9C2 /* KEWLCoolView.h */ = {isa = PBXFileReference; fileEncoding = 4; lastKnownFileType = sourcecode.c.h; path = KEWLCoolView.h; sourceTree = "<group>"; };
		AB55EAC41B98CA5700FCE9C2 /* KEWLCoolView.m */ = {isa = PBXFileReference; fileEncoding = 4; lastKnownFileType = sourcecode.c.objc; path = KEWLCoolView.m; sourceTree = "<group>"; };
		AB55EAC81B98CAF500FCE9C2 /* Default-568h@2x.png */ = {isa = PBXFileReference; lastKnownFileType = image.png; path = "Default-568h@2x.png"; sourceTree = "<group>"; };
		AB55EACA1B98CD3C00FCE9C2 /* CoolStuff.xib */ = {isa = PBXFileReference; fileEncoding = 4; lastKnownFileType = file.xib; path = CoolStuff.xib; sourceTree = "<group>"; };
/* End PBXFileReference section */

/* Begin PBXFrameworksBuildPhase section */
		AB55EA931B98C9BA00FCE9C2 /* Frameworks */ = {
			isa = PBXFrameworksBuildPhase;
			buildActionMask = 2147483647;
			files = (
			);
			runOnlyForDeploymentPostprocessing = 0;
		};
/* End PBXFrameworksBuildPhase section */

/* Begin PBXGroup section */
		AB55EA8D1B98C9BA00FCE9C2 = {
			isa = PBXGroup;
			children = (
				AB55EAC81B98CAF500FCE9C2 /* Default-568h@2x.png */,
				AB55EA981B98C9BA00FCE9C2 /* Coolness3 */,
				AB55EA971B98C9BA00FCE9C2 /* Products */,
			);
			sourceTree = "<group>";
		};
		AB55EA971B98C9BA00FCE9C2 /* Products */ = {
			isa = PBXGroup;
			children = (
				AB55EA961B98C9BA00FCE9C2 /* Coolness3.app */,
			);
			name = Products;
			sourceTree = "<group>";
		};
		AB55EA981B98C9BA00FCE9C2 /* Coolness3 */ = {
			isa = PBXGroup;
			children = (
				AB55EABF1B98CA5700FCE9C2 /* AppDelegate.h */,
				AB55EAC01B98CA5700FCE9C2 /* AppDelegate.m */,
				AB55EAC11B98CA5700FCE9C2 /* KEWLCoolController.h */,
				AB55EAC21B98CA5700FCE9C2 /* KEWLCoolController.m */,
				AB55EAC31B98CA5700FCE9C2 /* KEWLCoolView.h */,
				AB55EAC41B98CA5700FCE9C2 /* KEWLCoolView.m */,
				AB55EACA1B98CD3C00FCE9C2 /* CoolStuff.xib */,
				AB55EAA61B98C9BA00FCE9C2 /* Images.xcassets */,
				AB55EA991B98C9BA00FCE9C2 /* Supporting Files */,
			);
			path = Coolness3;
			sourceTree = "<group>";
		};
		AB55EA991B98C9BA00FCE9C2 /* Supporting Files */ = {
			isa = PBXGroup;
			children = (
				AB55EA9A1B98C9BA00FCE9C2 /* Info.plist */,
				AB55EA9B1B98C9BA00FCE9C2 /* main.m */,
			);
			name = "Supporting Files";
			sourceTree = "<group>";
		};
/* End PBXGroup section */

/* Begin PBXNativeTarget section */
		AB55EA951B98C9BA00FCE9C2 /* Coolness3 */ = {
			isa = PBXNativeTarget;
			buildConfigurationList = AB55EAB91B98C9BA00FCE9C2 /* Build configuration list for PBXNativeTarget "Coolness3" */;
			buildPhases = (
				AB55EA921B98C9BA00FCE9C2 /* Sources */,
				AB55EA931B98C9BA00FCE9C2 /* Frameworks */,
				AB55EA941B98C9BA00FCE9C2 /* Resources */,
			);
			buildRules = (
			);
			dependencies = (
			);
			name = Coolness3;
			productName = Coolness3;
			productReference = AB55EA961B98C9BA00FCE9C2 /* Coolness3.app */;
			productType = "com.apple.product-type.application";
		};
/* End PBXNativeTarget section */

/* Begin PBXProject section */
		AB55EA8E1B98C9BA00FCE9C2 /* Project object */ = {
			isa = PBXProject;
			attributes = {
				LastUpgradeCheck = 0720;
				ORGANIZATIONNAME = "About Objects";
				TargetAttributes = {
					AB55EA951B98C9BA00FCE9C2 = {
						CreatedOnToolsVersion = 6.4;
					};
				};
			};
			buildConfigurationList = AB55EA911B98C9BA00FCE9C2 /* Build configuration list for PBXProject "Coolness3" */;
			compatibilityVersion = "Xcode 3.2";
			developmentRegion = English;
			hasScannedForEncodings = 0;
			knownRegions = (
				en,
				Base,
			);
			mainGroup = AB55EA8D1B98C9BA00FCE9C2;
			productRefGroup = AB55EA971B98C9BA00FCE9C2 /* Products */;
			projectDirPath = "";
			projectRoot = "";
			targets = (
				AB55EA951B98C9BA00FCE9C2 /* Coolness3 */,
			);
		};
/* End PBXProject section */

/* Begin PBXResourcesBuildPhase section */
		AB55EA941B98C9BA00FCE9C2 /* Resources */ = {
			isa = PBXResourcesBuildPhase;
			buildActionMask = 2147483647;
			files = (
				AB55EAA71B98C9BA00FCE9C2 /* Images.xcassets in Resources */,
				AB55EACB1B98CD3C00FCE9C2 /* CoolStuff.xib in Resources */,
				AB55EAC91B98CAF500FCE9C2 /* Default-568h@2x.png in Resources */,
			);
			runOnlyForDeploymentPostprocessing = 0;
		};
/* End PBXResourcesBuildPhase section */

/* Begin PBXSourcesBuildPhase section */
		AB55EA921B98C9BA00FCE9C2 /* Sources */ = {
			isa = PBXSourcesBuildPhase;
			buildActionMask = 2147483647;
			files = (
				AB55EAC71B98CA5700FCE9C2 /* KEWLCoolView.m in Sources */,
				AB55EAC51B98CA5700FCE9C2 /* AppDelegate.m in Sources */,
				AB55EAC61B98CA5700FCE9C2 /* KEWLCoolController.m in Sources */,
				AB55EA9C1B98C9BA00FCE9C2 /* main.m in Sources */,
			);
			runOnlyForDeploymentPostprocessing = 0;
		};
/* End PBXSourcesBuildPhase section */

/* Begin XCBuildConfiguration section */
		AB55EAB71B98C9BA00FCE9C2 /* Debug */ = {
			isa = XCBuildConfiguration;
			buildSettings = {
				ALWAYS_SEARCH_USER_PATHS = NO;
				CLANG_CXX_LANGUAGE_STANDARD = "gnu++0x";
				CLANG_CXX_LIBRARY = "libc++";
				CLANG_ENABLE_MODULES = YES;
				CLANG_ENABLE_OBJC_ARC = YES;
				CLANG_WARN_BOOL_CONVERSION = YES;
				CLANG_WARN_CONSTANT_CONVERSION = YES;
				CLANG_WARN_DIRECT_OBJC_ISA_USAGE = YES_ERROR;
				CLANG_WARN_EMPTY_BODY = YES;
				CLANG_WARN_ENUM_CONVERSION = YES;
				CLANG_WARN_INT_CONVERSION = YES;
				CLANG_WARN_OBJC_ROOT_CLASS = YES_ERROR;
				CLANG_WARN_UNREACHABLE_CODE = YES;
				CLANG_WARN__DUPLICATE_METHOD_MATCH = YES;
				"CODE_SIGN_IDENTITY[sdk=iphoneos*]" = "iPhone Developer";
				COPY_PHASE_STRIP = NO;
				DEBUG_INFORMATION_FORMAT = "dwarf-with-dsym";
				ENABLE_STRICT_OBJC_MSGSEND = YES;
				ENABLE_TESTABILITY = YES;
				GCC_C_LANGUAGE_STANDARD = gnu99;
				GCC_DYNAMIC_NO_PIC = NO;
				GCC_NO_COMMON_BLOCKS = YES;
				GCC_OPTIMIZATION_LEVEL = 0;
				GCC_PREPROCESSOR_DEFINITIONS = (
					"DEBUG=1",
					"$(inherited)",
				);
				GCC_SYMBOLS_PRIVATE_EXTERN = NO;
				GCC_WARN_64_TO_32_BIT_CONVERSION = YES;
				GCC_WARN_ABOUT_RETURN_TYPE = YES_ERROR;
				GCC_WARN_UNDECLARED_SELECTOR = YES;
				GCC_WARN_UNINITIALIZED_AUTOS = YES_AGGRESSIVE;
				GCC_WARN_UNUSED_FUNCTION = YES;
				GCC_WARN_UNUSED_VARIABLE = YES;
				IPHONEOS_DEPLOYMENT_TARGET = 8.4;
				MTL_ENABLE_DEBUG_INFO = YES;
				ONLY_ACTIVE_ARCH = YES;
				SDKROOT = iphoneos;
			};
			name = Debug;
		};
		AB55EAB81B98C9BA00FCE9C2 /* Release */ = {
			isa = XCBuildConfiguration;
			buildSettings = {
				ALWAYS_SEARCH_USER_PATHS = NO;
				CLANG_CXX_LANGUAGE_STANDARD = "gnu++0x";
				CLANG_CXX_LIBRARY = "libc++";
				CLANG_ENABLE_MODULES = YES;
				CLANG_ENABLE_OBJC_ARC = YES;
				CLANG_WARN_BOOL_CONVERSION = YES;
				CLANG_WARN_CONSTANT_CONVERSION = YES;
				CLANG_WARN_DIRECT_OBJC_ISA_USAGE = YES_ERROR;
				CLANG_WARN_EMPTY_BODY = YES;
				CLANG_WARN_ENUM_CONVERSION = YES;
				CLANG_WARN_INT_CONVERSION = YES;
				CLANG_WARN_OBJC_ROOT_CLASS = YES_ERROR;
				CLANG_WARN_UNREACHABLE_CODE = YES;
				CLANG_WARN__DUPLICATE_METHOD_MATCH = YES;
				"CODE_SIGN_IDENTITY[sdk=iphoneos*]" = "iPhone Developer";
				COPY_PHASE_STRIP = NO;
				DEBUG_INFORMATION_FORMAT = "dwarf-with-dsym";
				ENABLE_NS_ASSERTIONS = NO;
				ENABLE_STRICT_OBJC_MSGSEND = YES;
				GCC_C_LANGUAGE_STANDARD = gnu99;
				GCC_NO_COMMON_BLOCKS = YES;
				GCC_WARN_64_TO_32_BIT_CONVERSION = YES;
				GCC_WARN_ABOUT_RETURN_TYPE = YES_ERROR;
				GCC_WARN_UNDECLARED_SELECTOR = YES;
				GCC_WARN_UNINITIALIZED_AUTOS = YES_AGGRESSIVE;
				GCC_WARN_UNUSED_FUNCTION = YES;
				GCC_WARN_UNUSED_VARIABLE = YES;
				IPHONEOS_DEPLOYMENT_TARGET = 8.4;
				MTL_ENABLE_DEBUG_INFO = NO;
				SDKROOT = iphoneos;
				VALIDATE_PRODUCT = YES;
			};
			name = Release;
		};
		AB55EABA1B98C9BA00FCE9C2 /* Debug */ = {
			isa = XCBuildConfiguration;
			buildSettings = {
				ASSETCATALOG_COMPILER_APPICON_NAME = AppIcon;
				INFOPLIST_FILE = Coolness3/Info.plist;
				LD_RUNPATH_SEARCH_PATHS = "$(inherited) @executable_path/Frameworks";
				PRODUCT_BUNDLE_IDENTIFIER = "com.aboutobjects.$(PRODUCT_NAME:rfc1034identifier)";
				PRODUCT_NAME = "$(TARGET_NAME)";
			};
			name = Debug;
		};
		AB55EABB1B98C9BA00FCE9C2 /* Release */ = {
			isa = XCBuildConfiguration;
			buildSettings = {
				ASSETCATALOG_COMPILER_APPICON_NAME = AppIcon;
				INFOPLIST_FILE = Coolness3/Info.plist;
				LD_RUNPATH_SEARCH_PATHS = "$(inherited) @executable_path/Frameworks";
				PRODUCT_BUNDLE_IDENTIFIER = "com.aboutobjects.$(PRODUCT_NAME:rfc1034identifier)";
				PRODUCT_NAME = "$(TARGET_NAME)";
			};
			name = Release;
		};
/* End XCBuildConfiguration section */

/* Begin XCConfigurationList section */
		AB55EA911B98C9BA00FCE9C2 /* Build configuration list for PBXProject "Coolness3" */ = {
			isa = XCConfigurationList;
			buildConfigurations = (
				AB55EAB71B98C9BA00FCE9C2 /* Debug */,
				AB55EAB81B98C9BA00FCE9C2 /* Release */,
			);
			defaultConfigurationIsVisible = 0;
			defaultConfigurationName = Release;
		};
		AB55EAB91B98C9BA00FCE9C2 /* Build configuration list for PBXNativeTarget "Coolness3" */ = {
			isa = XCConfigurationList;
			buildConfigurations = (
				AB55EABA1B98C9BA00FCE9C2 /* Debug */,
				AB55EABB1B98C9BA00FCE9C2 /* Release */,
			);
			defaultConfigurationIsVisible = 0;
			defaultConfigurationName = Release;
		};
/* End XCConfigurationList section */
	};
	rootObject = AB55EA8E1B98C9BA00FCE9C2 /* Project object */;
}
