// !$*UTF8*$!
{
	archiveVersion = 1;
	classes = {
	};
	objectVersion = 46;
	objects = {

/* Begin PBXBuildFile section */
		AB02120F1B979331003B0C56 /* main.m in Sources */ = {isa = PBXBuildFile; fileRef = AB02120E1B979331003B0C56 /* main.m */; };
		AB02121A1B979331003B0C56 /* Images.xcassets in Resources */ = {isa = PBXBuildFile; fileRef = AB0212191B979331003B0C56 /* Images.xcassets */; };
		AB0212331B9793E0003B0C56 /* BlockLiteralTests.m in Sources */ = {isa = PBXBuildFile; fileRef = AB0212321B9793E0003B0C56 /* BlockLiteralTests.m */; };
		AB0212381B979467003B0C56 /* AppDelegate.m in Sources */ = {isa = PBXBuildFile; fileRef = AB0212351B979467003B0C56 /* AppDelegate.m */; };
		AB0212391B979467003B0C56 /* KEWLCoolView.m in Sources */ = {isa = PBXBuildFile; fileRef = AB0212371B979467003B0C56 /* KEWLCoolView.m */; };
		AB02123B1B97947E003B0C56 /* Default-568h@2x.png in Resources */ = {isa = PBXBuildFile; fileRef = AB02123A1B97947E003B0C56 /* Default-568h@2x.png */; };
		AB02123E1B97A7F3003B0C56 /* KEWLCoolController.m in Sources */ = {isa = PBXBuildFile; fileRef = AB02123D1B97A7F3003B0C56 /* KEWLCoolController.m */; };
/* End PBXBuildFile section */

/* Begin PBXContainerItemProxy section */
		AB0212231B979331003B0C56 /* PBXContainerItemProxy */ = {
			isa = PBXContainerItemProxy;
			containerPortal = AB0212011B979331003B0C56 /* Project object */;
			proxyType = 1;
			remoteGlobalIDString = AB0212081B979331003B0C56;
			remoteInfo = Coolness2;
		};
/* End PBXContainerItemProxy section */

/* Begin PBXFileReference section */
		AB0212091B979331003B0C56 /* Coolness2.app */ = {isa = PBXFileReference; explicitFileType = wrapper.application; includeInIndex = 0; path = Coolness2.app; sourceTree = BUILT_PRODUCTS_DIR; };
		AB02120D1B979331003B0C56 /* Info.plist */ = {isa = PBXFileReference; lastKnownFileType = text.plist.xml; path = Info.plist; sourceTree = "<group>"; };
		AB02120E1B979331003B0C56 /* main.m */ = {isa = PBXFileReference; lastKnownFileType = sourcecode.c.objc; path = main.m; sourceTree = "<group>"; };
		AB0212191B979331003B0C56 /* Images.xcassets */ = {isa = PBXFileReference; lastKnownFileType = folder.assetcatalog; path = Images.xcassets; sourceTree = "<group>"; };
		AB0212221B979331003B0C56 /* Coolness2Tests.xctest */ = {isa = PBXFileReference; explicitFileType = wrapper.cfbundle; includeInIndex = 0; path = Coolness2Tests.xctest; sourceTree = BUILT_PRODUCTS_DIR; };
		AB0212271B979331003B0C56 /* Info.plist */ = {isa = PBXFileReference; lastKnownFileType = text.plist.xml; path = Info.plist; sourceTree = "<group>"; };
		AB0212321B9793E0003B0C56 /* BlockLiteralTests.m */ = {isa = PBXFileReference; fileEncoding = 4; lastKnownFileType = sourcecode.c.objc; path = BlockLiteralTests.m; sourceTree = "<group>"; };
		AB0212341B979467003B0C56 /* AppDelegate.h */ = {isa = PBXFileReference; fileEncoding = 4; lastKnownFileType = sourcecode.c.h; path = AppDelegate.h; sourceTree = "<group>"; };
		AB0212351B979467003B0C56 /* AppDelegate.m */ = {isa = PBXFileReference; fileEncoding = 4; lastKnownFileType = sourcecode.c.objc; path = AppDelegate.m; sourceTree = "<group>"; };
		AB0212361B979467003B0C56 /* KEWLCoolView.h */ = {isa = PBXFileReference; fileEncoding = 4; lastKnownFileType = sourcecode.c.h; path = KEWLCoolView.h; sourceTree = "<group>"; };
		AB0212371B979467003B0C56 /* KEWLCoolView.m */ = {isa = PBXFileReference; fileEncoding = 4; lastKnownFileType = sourcecode.c.objc; path = KEWLCoolView.m; sourceTree = "<group>"; };
		AB02123A1B97947E003B0C56 /* Default-568h@2x.png */ = {isa = PBXFileReference; lastKnownFileType = image.png; path = "Default-568h@2x.png"; sourceTree = "<group>"; };
		AB02123C1B97A7F3003B0C56 /* KEWLCoolController.h */ = {isa = PBXFileReference; fileEncoding = 4; lastKnownFileType = sourcecode.c.h; path = KEWLCoolController.h; sourceTree = "<group>"; };
		AB02123D1B97A7F3003B0C56 /* KEWLCoolController.m */ = {isa = PBXFileReference; fileEncoding = 4; lastKnownFileType = sourcecode.c.objc; path = KEWLCoolController.m; sourceTree = "<group>"; };
/* End PBXFileReference section */

/* Begin PBXFrameworksBuildPhase section */
		AB0212061B979331003B0C56 /* Frameworks */ = {
			isa = PBXFrameworksBuildPhase;
			buildActionMask = 2147483647;
			files = (
			);
			runOnlyForDeploymentPostprocessing = 0;
		};
		AB02121F1B979331003B0C56 /* Frameworks */ = {
			isa = PBXFrameworksBuildPhase;
			buildActionMask = 2147483647;
			files = (
			);
			runOnlyForDeploymentPostprocessing = 0;
		};
/* End PBXFrameworksBuildPhase section */

/* Begin PBXGroup section */
		AB0212001B979331003B0C56 = {
			isa = PBXGroup;
			children = (
				AB02123A1B97947E003B0C56 /* Default-568h@2x.png */,
				AB02120B1B979331003B0C56 /* Coolness2 */,
				AB0212251B979331003B0C56 /* Coolness2Tests */,
				AB02120A1B979331003B0C56 /* Products */,
			);
			sourceTree = "<group>";
		};
		AB02120A1B979331003B0C56 /* Products */ = {
			isa = PBXGroup;
			children = (
				AB0212091B979331003B0C56 /* Coolness2.app */,
				AB0212221B979331003B0C56 /* Coolness2Tests.xctest */,
			);
			name = Products;
			sourceTree = "<group>";
		};
		AB02120B1B979331003B0C56 /* Coolness2 */ = {
			isa = PBXGroup;
			children = (
				AB0212341B979467003B0C56 /* AppDelegate.h */,
				AB0212351B979467003B0C56 /* AppDelegate.m */,
				AB0212361B979467003B0C56 /* KEWLCoolView.h */,
				AB0212371B979467003B0C56 /* KEWLCoolView.m */,
				AB02123C1B97A7F3003B0C56 /* KEWLCoolController.h */,
				AB02123D1B97A7F3003B0C56 /* KEWLCoolController.m */,
				AB0212191B979331003B0C56 /* Images.xcassets */,
				AB02120C1B979331003B0C56 /* Supporting Files */,
			);
			path = Coolness2;
			sourceTree = "<group>";
		};
		AB02120C1B979331003B0C56 /* Supporting Files */ = {
			isa = PBXGroup;
			children = (
				AB02120D1B979331003B0C56 /* Info.plist */,
				AB02120E1B979331003B0C56 /* main.m */,
			);
			name = "Supporting Files";
			sourceTree = "<group>";
		};
		AB0212251B979331003B0C56 /* Coolness2Tests */ = {
			isa = PBXGroup;
			children = (
				AB0212321B9793E0003B0C56 /* BlockLiteralTests.m */,
				AB0212261B979331003B0C56 /* Supporting Files */,
			);
			path = Coolness2Tests;
			sourceTree = "<group>";
		};
		AB0212261B979331003B0C56 /* Supporting Files */ = {
			isa = PBXGroup;
			children = (
				AB0212271B979331003B0C56 /* Info.plist */,
			);
			name = "Supporting Files";
			sourceTree = "<group>";
		};
/* End PBXGroup section */

/* Begin PBXNativeTarget section */
		AB0212081B979331003B0C56 /* Coolness2 */ = {
			isa = PBXNativeTarget;
			buildConfigurationList = AB02122C1B979331003B0C56 /* Build configuration list for PBXNativeTarget "Coolness2" */;
			buildPhases = (
				AB0212051B979331003B0C56 /* Sources */,
				AB0212061B979331003B0C56 /* Frameworks */,
				AB0212071B979331003B0C56 /* Resources */,
			);
			buildRules = (
			);
			dependencies = (
			);
			name = Coolness2;
			productName = Coolness2;
			productReference = AB0212091B979331003B0C56 /* Coolness2.app */;
			productType = "com.apple.product-type.application";
		};
		AB0212211B979331003B0C56 /* Coolness2Tests */ = {
			isa = PBXNativeTarget;
			buildConfigurationList = AB02122F1B979331003B0C56 /* Build configuration list for PBXNativeTarget "Coolness2Tests" */;
			buildPhases = (
				AB02121E1B979331003B0C56 /* Sources */,
				AB02121F1B979331003B0C56 /* Frameworks */,
				AB0212201B979331003B0C56 /* Resources */,
			);
			buildRules = (
			);
			dependencies = (
				AB0212241B979331003B0C56 /* PBXTargetDependency */,
			);
			name = Coolness2Tests;
			productName = Coolness2Tests;
			productReference = AB0212221B979331003B0C56 /* Coolness2Tests.xctest */;
			productType = "com.apple.product-type.bundle.unit-test";
		};
/* End PBXNativeTarget section */

/* Begin PBXProject section */
		AB0212011B979331003B0C56 /* Project object */ = {
			isa = PBXProject;
			attributes = {
				LastUpgradeCheck = 0720;
				ORGANIZATIONNAME = "About Objects";
				TargetAttributes = {
					AB0212081B979331003B0C56 = {
						CreatedOnToolsVersion = 6.4;
					};
					AB0212211B979331003B0C56 = {
						CreatedOnToolsVersion = 6.4;
						TestTargetID = AB0212081B979331003B0C56;
					};
				};
			};
			buildConfigurationList = AB0212041B979331003B0C56 /* Build configuration list for PBXProject "Coolness2" */;
			compatibilityVersion = "Xcode 3.2";
			developmentRegion = English;
			hasScannedForEncodings = 0;
			knownRegions = (
				en,
				Base,
			);
			mainGroup = AB0212001B979331003B0C56;
			productRefGroup = AB02120A1B979331003B0C56 /* Products */;
			projectDirPath = "";
			projectRoot = "";
			targets = (
				AB0212081B979331003B0C56 /* Coolness2 */,
				AB0212211B979331003B0C56 /* Coolness2Tests */,
			);
		};
/* End PBXProject section */

/* Begin PBXResourcesBuildPhase section */
		AB0212071B979331003B0C56 /* Resources */ = {
			isa = PBXResourcesBuildPhase;
			buildActionMask = 2147483647;
			files = (
				AB02121A1B979331003B0C56 /* Images.xcassets in Resources */,
				AB02123B1B97947E003B0C56 /* Default-568h@2x.png in Resources */,
			);
			runOnlyForDeploymentPostprocessing = 0;
		};
		AB0212201B979331003B0C56 /* Resources */ = {
			isa = PBXResourcesBuildPhase;
			buildActionMask = 2147483647;
			files = (
			);
			runOnlyForDeploymentPostprocessing = 0;
		};
/* End PBXResourcesBuildPhase section */

/* Begin PBXSourcesBuildPhase section */
		AB0212051B979331003B0C56 /* Sources */ = {
			isa = PBXSourcesBuildPhase;
			buildActionMask = 2147483647;
			files = (
				AB0212381B979467003B0C56 /* AppDelegate.m in Sources */,
				AB02120F1B979331003B0C56 /* main.m in Sources */,
				AB0212391B979467003B0C56 /* KEWLCoolView.m in Sources */,
				AB02123E1B97A7F3003B0C56 /* KEWLCoolController.m in Sources */,
			);
			runOnlyForDeploymentPostprocessing = 0;
		};
		AB02121E1B979331003B0C56 /* Sources */ = {
			isa = PBXSourcesBuildPhase;
			buildActionMask = 2147483647;
			files = (
				AB0212331B9793E0003B0C56 /* BlockLiteralTests.m in Sources */,
			);
			runOnlyForDeploymentPostprocessing = 0;
		};
/* End PBXSourcesBuildPhase section */

/* Begin PBXTargetDependency section */
		AB0212241B979331003B0C56 /* PBXTargetDependency */ = {
			isa = PBXTargetDependency;
			target = AB0212081B979331003B0C56 /* Coolness2 */;
			targetProxy = AB0212231B979331003B0C56 /* PBXContainerItemProxy */;
		};
/* End PBXTargetDependency section */

/* Begin XCBuildConfiguration section */
		AB02122A1B979331003B0C56 /* Debug */ = {
			isa = XCBuildConfiguration;
			buildSettings = {
				ALWAYS_SEARCH_USER_PATHS = NO;
				CLANG_CXX_LANGUAGE_STANDARD = "gnu++0x";
				CLANG_CXX_LIBRARY = "libc++";
				CLANG_ENABLE_MODULES = YES;
				CLANG_ENABLE_OBJC_ARC = YES;
				CLANG_WARN_BOOL_CONVERSION = YES;
				CLANG_WARN_CONSTANT_CONVERSION = YES;
				CLANG_WARN_DIRECT_OBJC_ISA_USAGE = YES_ERROR;
				CLANG_WARN_EMPTY_BODY = YES;
				CLANG_WARN_ENUM_CONVERSION = YES;
				CLANG_WARN_INT_CONVERSION = YES;
				CLANG_WARN_OBJC_ROOT_CLASS = YES_ERROR;
				CLANG_WARN_UNREACHABLE_CODE = YES;
				CLANG_WARN__DUPLICATE_METHOD_MATCH = YES;
				"CODE_SIGN_IDENTITY[sdk=iphoneos*]" = "iPhone Developer";
				COPY_PHASE_STRIP = NO;
				DEBUG_INFORMATION_FORMAT = "dwarf-with-dsym";
				ENABLE_STRICT_OBJC_MSGSEND = YES;
				ENABLE_TESTABILITY = YES;
				GCC_C_LANGUAGE_STANDARD = gnu99;
				GCC_DYNAMIC_NO_PIC = NO;
				GCC_NO_COMMON_BLOCKS = YES;
				GCC_OPTIMIZATION_LEVEL = 0;
				GCC_PREPROCESSOR_DEFINITIONS = (
					"DEBUG=1",
					"$(inherited)",
				);
				GCC_SYMBOLS_PRIVATE_EXTERN = NO;
				GCC_WARN_64_TO_32_BIT_CONVERSION = YES;
				GCC_WARN_ABOUT_RETURN_TYPE = YES_ERROR;
				GCC_WARN_UNDECLARED_SELECTOR = YES;
				GCC_WARN_UNINITIALIZED_AUTOS = YES_AGGRESSIVE;
				GCC_WARN_UNUSED_FUNCTION = YES;
				GCC_WARN_UNUSED_VARIABLE = YES;
				IPHONEOS_DEPLOYMENT_TARGET = 8.4;
				MTL_ENABLE_DEBUG_INFO = YES;
				ONLY_ACTIVE_ARCH = YES;
				SDKROOT = iphoneos;
			};
			name = Debug;
		};
		AB02122B1B979331003B0C56 /* Release */ = {
			isa = XCBuildConfiguration;
			buildSettings = {
				ALWAYS_SEARCH_USER_PATHS = NO;
				CLANG_CXX_LANGUAGE_STANDARD = "gnu++0x";
				CLANG_CXX_LIBRARY = "libc++";
				CLANG_ENABLE_MODULES = YES;
				CLANG_ENABLE_OBJC_ARC = YES;
				CLANG_WARN_BOOL_CONVERSION = YES;
				CLANG_WARN_CONSTANT_CONVERSION = YES;
				CLANG_WARN_DIRECT_OBJC_ISA_USAGE = YES_ERROR;
				CLANG_WARN_EMPTY_BODY = YES;
				CLANG_WARN_ENUM_CONVERSION = YES;
				CLANG_WARN_INT_CONVERSION = YES;
				CLANG_WARN_OBJC_ROOT_CLASS = YES_ERROR;
				CLANG_WARN_UNREACHABLE_CODE = YES;
				CLANG_WARN__DUPLICATE_METHOD_MATCH = YES;
				"CODE_SIGN_IDENTITY[sdk=iphoneos*]" = "iPhone Developer";
				COPY_PHASE_STRIP = NO;
				DEBUG_INFORMATION_FORMAT = "dwarf-with-dsym";
				ENABLE_NS_ASSERTIONS = NO;
				ENABLE_STRICT_OBJC_MSGSEND = YES;
				GCC_C_LANGUAGE_STANDARD = gnu99;
				GCC_NO_COMMON_BLOCKS = YES;
				GCC_WARN_64_TO_32_BIT_CONVERSION = YES;
				GCC_WARN_ABOUT_RETURN_TYPE = YES_ERROR;
				GCC_WARN_UNDECLARED_SELECTOR = YES;
				GCC_WARN_UNINITIALIZED_AUTOS = YES_AGGRESSIVE;
				GCC_WARN_UNUSED_FUNCTION = YES;
				GCC_WARN_UNUSED_VARIABLE = YES;
				IPHONEOS_DEPLOYMENT_TARGET = 8.4;
				MTL_ENABLE_DEBUG_INFO = NO;
				SDKROOT = iphoneos;
				VALIDATE_PRODUCT = YES;
			};
			name = Release;
		};
		AB02122D1B979331003B0C56 /* Debug */ = {
			isa = XCBuildConfiguration;
			buildSettings = {
				ASSETCATALOG_COMPILER_APPICON_NAME = AppIcon;
				INFOPLIST_FILE = Coolness2/Info.plist;
				LD_RUNPATH_SEARCH_PATHS = "$(inherited) @executable_path/Frameworks";
				PRODUCT_BUNDLE_IDENTIFIER = "com.aboutobjects.$(PRODUCT_NAME:rfc1034identifier)";
				PRODUCT_NAME = "$(TARGET_NAME)";
			};
			name = Debug;
		};
		AB02122E1B979331003B0C56 /* Release */ = {
			isa = XCBuildConfiguration;
			buildSettings = {
				ASSETCATALOG_COMPILER_APPICON_NAME = AppIcon;
				INFOPLIST_FILE = Coolness2/Info.plist;
				LD_RUNPATH_SEARCH_PATHS = "$(inherited) @executable_path/Frameworks";
				PRODUCT_BUNDLE_IDENTIFIER = "com.aboutobjects.$(PRODUCT_NAME:rfc1034identifier)";
				PRODUCT_NAME = "$(TARGET_NAME)";
			};
			name = Release;
		};
		AB0212301B979331003B0C56 /* Debug */ = {
			isa = XCBuildConfiguration;
			buildSettings = {
				BUNDLE_LOADER = "$(TEST_HOST)";
				FRAMEWORK_SEARCH_PATHS = (
					"$(SDKROOT)/Developer/Library/Frameworks",
					"$(inherited)",
				);
				GCC_PREPROCESSOR_DEFINITIONS = (
					"DEBUG=1",
					"$(inherited)",
				);
				INFOPLIST_FILE = Coolness2Tests/Info.plist;
				LD_RUNPATH_SEARCH_PATHS = "$(inherited) @executable_path/Frameworks @loader_path/Frameworks";
				PRODUCT_BUNDLE_IDENTIFIER = "com.aboutobjects.$(PRODUCT_NAME:rfc1034identifier)";
				PRODUCT_NAME = "$(TARGET_NAME)";
				TEST_HOST = "$(BUILT_PRODUCTS_DIR)/Coolness2.app/Coolness2";
			};
			name = Debug;
		};
		AB0212311B979331003B0C56 /* Release */ = {
			isa = XCBuildConfiguration;
			buildSettings = {
				BUNDLE_LOADER = "$(TEST_HOST)";
				FRAMEWORK_SEARCH_PATHS = (
					"$(SDKROOT)/Developer/Library/Frameworks",
					"$(inherited)",
				);
				INFOPLIST_FILE = Coolness2Tests/Info.plist;
				LD_RUNPATH_SEARCH_PATHS = "$(inherited) @executable_path/Frameworks @loader_path/Frameworks";
				PRODUCT_BUNDLE_IDENTIFIER = "com.aboutobjects.$(PRODUCT_NAME:rfc1034identifier)";
				PRODUCT_NAME = "$(TARGET_NAME)";
				TEST_HOST = "$(BUILT_PRODUCTS_DIR)/Coolness2.app/Coolness2";
			};
			name = Release;
		};
/* End XCBuildConfiguration section */

/* Begin XCConfigurationList section */
		AB0212041B979331003B0C56 /* Build configuration list for PBXProject "Coolness2" */ = {
			isa = XCConfigurationList;
			buildConfigurations = (
				AB02122A1B979331003B0C56 /* Debug */,
				AB02122B1B979331003B0C56 /* Release */,
			);
			defaultConfigurationIsVisible = 0;
			defaultConfigurationName = Release;
		};
		AB02122C1B979331003B0C56 /* Build configuration list for PBXNativeTarget "Coolness2" */ = {
			isa = XCConfigurationList;
			buildConfigurations = (
				AB02122D1B979331003B0C56 /* Debug */,
				AB02122E1B979331003B0C56 /* Release */,
			);
			defaultConfigurationIsVisible = 0;
			defaultConfigurationName = Release;
		};
		AB02122F1B979331003B0C56 /* Build configuration list for PBXNativeTarget "Coolness2Tests" */ = {
			isa = XCConfigurationList;
			buildConfigurations = (
				AB0212301B979331003B0C56 /* Debug */,
				AB0212311B979331003B0C56 /* Release */,
			);
			defaultConfigurationIsVisible = 0;
			defaultConfigurationName = Release;
		};
/* End XCConfigurationList section */
	};
	rootObject = AB0212011B979331003B0C56 /* Project object */;
}
